
Microsoft Visual Studio Solution File, Format Version 12.00
# Visual Studio Version 16
VisualStudioVersion = 16.0.31515.178
MinimumVisualStudioVersion = 10.0.40219.1
Project("{FAE04EC0-301F-11D3-BF4B-00C04F79EFBC}") = "AvantRestAPI", "AvantRestAPI\AvantRestAPI.csproj", "{BED06E60-99C2-42BE-9761-C0F19CD7E170}"
EndProject
Global
	GlobalSection(SolutionConfigurationPlatforms) = preSolution
		Debug|Any CPU = Debug|Any CPU
		Release|Any CPU = Release|Any CPU
	EndGlobalSection
	GlobalSection(ProjectConfigurationPlatforms) = postSolution
		{BED06E60-99C2-42BE-9761-C0F19CD7E170}.Debug|Any CPU.ActiveCfg = Debug|Any CPU
		{BED06E60-99C2-42BE-9761-C0F19CD7E170}.Debug|Any CPU.Build.0 = Debug|Any CPU
		{BED06E60-99C2-42BE-9761-C0F19CD7E170}.Release|Any CPU.ActiveCfg = Release|Any CPU
		{BED06E60-99C2-42BE-9761-C0F19CD7E170}.Release|Any CPU.Build.0 = Release|Any CPU
	EndGlobalSection
	GlobalSection(SolutionProperties) = preSolution
		HideSolutionNode = FALSE
	EndGlobalSection
	GlobalSection(ExtensibilityGlobals) = postSolution
		SolutionGuid = {A0C00F6E-CBEE-4F9E-8AF1-BDF0334A61D2}
	EndGlobalSection
EndGlobal
